
Microsoft Visual Studio Solution File, Format Version 12.00
# Visual Studio Version 17
VisualStudioVersion = 17.4.33213.308
MinimumVisualStudioVersion = 10.0.40219.1
Project("{FAE04EC0-301F-11D3-BF4B-00C04F79EFBC}") = "M6808Emulator", "M6808Emulator\M6808Emulator.csproj", "{24D0F674-9292-45AB-997F-8A80F5B6E2FF}"
EndProject
Global
	GlobalSection(SolutionConfigurationPlatforms) = preSolution
		Debug|Any CPU = Debug|Any CPU
		Release|Any CPU = Release|Any CPU
	EndGlobalSection
	GlobalSection(ProjectConfigurationPlatforms) = postSolution
		{24D0F674-9292-45AB-997F-8A80F5B6E2FF}.Debug|Any CPU.ActiveCfg = Debug|Any CPU
		{24D0F674-9292-45AB-997F-8A80F5B6E2FF}.Debug|Any CPU.Build.0 = Debug|Any CPU
		{24D0F674-9292-45AB-997F-8A80F5B6E2FF}.Release|Any CPU.ActiveCfg = Release|Any CPU
		{24D0F674-9292-45AB-997F-8A80F5B6E2FF}.Release|Any CPU.Build.0 = Release|Any CPU
	EndGlobalSection
	GlobalSection(SolutionProperties) = preSolution
		HideSolutionNode = FALSE
	EndGlobalSection
	GlobalSection(ExtensibilityGlobals) = postSolution
		SolutionGuid = {72934892-6C80-4246-9C9D-081967B76C7A}
	EndGlobalSection
EndGlobal
